
Microsoft Visual Studio Solution File, Format Version 12.00
# Visual Studio Version 16
VisualStudioVersion = 16.0.29613.14
MinimumVisualStudioVersion = 10.0.40219.1
Project("{9A19103F-16F7-4668-BE54-9A1E7A4F7556}") = "DataObfuscation.ConsoleClient", "DataObfuscation.ConsoleClient\DataObfuscation.ConsoleClient.csproj", "{393CA63E-3B7E-4563-8946-78119B0F15FA}"
EndProject
Project("{9A19103F-16F7-4668-BE54-9A1E7A4F7556}") = "DataObfuscation.Infrastructure", "DataObfuscation.Infrastructure\DataObfuscation.Infrastructure.csproj", "{5827E2FF-8080-4194-811A-E559D018CCF0}"
EndProject
Project("{9A19103F-16F7-4668-BE54-9A1E7A4F7556}") = "DataObfuscation.Fakers", "DataObfuscation.Fakers\DataObfuscation.Fakers.csproj", "{303F606A-7E2E-4129-A3C2-FCD837648A68}"
EndProject
Project("{9A19103F-16F7-4668-BE54-9A1E7A4F7556}") = "DataObfuscation.Application", "DataObfuscation.Application\DataObfuscation.Application.csproj", "{0A707B31-6139-4B4A-89D1-E7127F602695}"
EndProject
Project("{FAE04EC0-301F-11D3-BF4B-00C04F79EFBC}") = "DataObfuscation.Models", "DataObfuscation.Models\DataObfuscation.Models.csproj", "{9F9C913F-D852-4A81-B9CE-DC18BDA78EBE}"
EndProject
Global
	GlobalSection(SolutionConfigurationPlatforms) = preSolution
		Debug|Any CPU = Debug|Any CPU
		Release|Any CPU = Release|Any CPU
	EndGlobalSection
	GlobalSection(ProjectConfigurationPlatforms) = postSolution
		{393CA63E-3B7E-4563-8946-78119B0F15FA}.Debug|Any CPU.ActiveCfg = Debug|Any CPU
		{393CA63E-3B7E-4563-8946-78119B0F15FA}.Debug|Any CPU.Build.0 = Debug|Any CPU
		{393CA63E-3B7E-4563-8946-78119B0F15FA}.Release|Any CPU.ActiveCfg = Release|Any CPU
		{393CA63E-3B7E-4563-8946-78119B0F15FA}.Release|Any CPU.Build.0 = Release|Any CPU
		{5827E2FF-8080-4194-811A-E559D018CCF0}.Debug|Any CPU.ActiveCfg = Debug|Any CPU
		{5827E2FF-8080-4194-811A-E559D018CCF0}.Debug|Any CPU.Build.0 = Debug|Any CPU
		{5827E2FF-8080-4194-811A-E559D018CCF0}.Release|Any CPU.ActiveCfg = Release|Any CPU
		{5827E2FF-8080-4194-811A-E559D018CCF0}.Release|Any CPU.Build.0 = Release|Any CPU
		{303F606A-7E2E-4129-A3C2-FCD837648A68}.Debug|Any CPU.ActiveCfg = Debug|Any CPU
		{303F606A-7E2E-4129-A3C2-FCD837648A68}.Debug|Any CPU.Build.0 = Debug|Any CPU
		{303F606A-7E2E-4129-A3C2-FCD837648A68}.Release|Any CPU.ActiveCfg = Release|Any CPU
		{303F606A-7E2E-4129-A3C2-FCD837648A68}.Release|Any CPU.Build.0 = Release|Any CPU
		{0A707B31-6139-4B4A-89D1-E7127F602695}.Debug|Any CPU.ActiveCfg = Debug|Any CPU
		{0A707B31-6139-4B4A-89D1-E7127F602695}.Debug|Any CPU.Build.0 = Debug|Any CPU
		{0A707B31-6139-4B4A-89D1-E7127F602695}.Release|Any CPU.ActiveCfg = Release|Any CPU
		{0A707B31-6139-4B4A-89D1-E7127F602695}.Release|Any CPU.Build.0 = Release|Any CPU
		{9F9C913F-D852-4A81-B9CE-DC18BDA78EBE}.Debug|Any CPU.ActiveCfg = Debug|Any CPU
		{9F9C913F-D852-4A81-B9CE-DC18BDA78EBE}.Debug|Any CPU.Build.0 = Debug|Any CPU
		{9F9C913F-D852-4A81-B9CE-DC18BDA78EBE}.Release|Any CPU.ActiveCfg = Release|Any CPU
		{9F9C913F-D852-4A81-B9CE-DC18BDA78EBE}.Release|Any CPU.Build.0 = Release|Any CPU
	EndGlobalSection
	GlobalSection(SolutionProperties) = preSolution
		HideSolutionNode = FALSE
	EndGlobalSection
	GlobalSection(ExtensibilityGlobals) = postSolution
		SolutionGuid = {3120626B-5383-4585-B284-598F9A57CD81}
	EndGlobalSection
EndGlobal
